{
  "name": "slakoth",
  "version": "0.0.1",
  "lockfileVersion": 1,
  "requires": true,
  "dependencies": {
    "@sindresorhus/is": {
      "version": "0.11.0",
      "resolved": "https://registry.npmjs.org/@sindresorhus/is/-/is-0.11.0.tgz",
      "integrity": "sha512-i5Zh5+3QARyXtzq3Bd2Lg3aBRFLcgYbNoap3Hyu1uRN8X+D+0JMqqc4uk4XjhNxfVdCnL8WHUA2wxa33QCC50w==",
      "requires": {
        "symbol-observable": "^1.2.0"
      }
    },
    "@slack/client": {
      "version": "4.5.0",
      "resolved": "https://registry.npmjs.org/@slack/client/-/client-4.5.0.tgz",
      "integrity": "sha512-VzcJHMN3uVP/L8pwC6tOtrMK1pWwNbprGkeYEZhxE6uXd6hCGeE38bS3nbAYKdyzGqK6m92weZObqXLIHcB27Q==",
      "requires": {
        "@types/form-data": "^2.2.1",
        "@types/is-stream": "^1.1.0",
        "@types/loglevel": "^1.5.3",
        "@types/node": ">=6.0.0",
        "@types/p-cancelable": "^0.3.0",
        "@types/p-queue": "^2.3.1",
        "@types/p-retry": "^1.0.1",
        "@types/retry": "^0.10.2",
        "@types/ws": "^5.1.1",
        "axios": "^0.18.0",
        "eventemitter3": "^3.0.0",
        "finity": "^0.5.4",
        "form-data": "^2.3.1",
        "is-stream": "^1.1.0",
        "loglevel": "^1.6.1",
        "object.entries": "^1.0.4",
        "object.getownpropertydescriptors": "^2.0.3",
        "object.values": "^1.0.4",
        "p-cancelable": "^0.3.0",
        "p-queue": "^2.3.0",
        "p-retry": "^2.0.0",
        "retry": "^0.12.0",
        "ws": "^5.2.0"
      }
    },
    "@types/events": {
      "version": "1.2.0",
      "resolved": "https://registry.npmjs.org/@types/events/-/events-1.2.0.tgz",
      "integrity": "sha512-KEIlhXnIutzKwRbQkGWb/I4HFqBuUykAdHgDED6xqwXJfONCjF5VoE0cXEiurh3XauygxzeDzgtXUqvLkxFzzA=="
    },
    "@types/form-data": {
      "version": "2.2.1",
      "resolved": "https://registry.npmjs.org/@types/form-data/-/form-data-2.2.1.tgz",
      "integrity": "sha512-JAMFhOaHIciYVh8fb5/83nmuO/AHwmto+Hq7a9y8FzLDcC1KCU344XDOMEmahnrTFlHjgh4L0WJFczNIX2GxnQ==",
      "requires": {
        "@types/node": "*"
      }
    },
    "@types/is-stream": {
      "version": "1.1.0",
      "resolved": "https://registry.npmjs.org/@types/is-stream/-/is-stream-1.1.0.tgz",
      "integrity": "sha512-jkZatu4QVbR60mpIzjINmtS1ZF4a/FqdTUTBeQDVOQ2PYyidtwFKr0B5G6ERukKwliq+7mIXvxyppwzG5EgRYg==",
      "requires": {
        "@types/node": "*"
      }
    },
    "@types/loglevel": {
      "version": "1.5.3",
      "resolved": "https://registry.npmjs.org/@types/loglevel/-/loglevel-1.5.3.tgz",
      "integrity": "sha512-TzzIZihV+y9kxSg5xJMkyIkaoGkXi50isZTtGHObNHRqAAwjGNjSCNPI7AUAv0tZUKTq9f2cdkCUd/2JVZUTrA=="
    },
    "@types/node": {
      "version": "10.9.2",
      "resolved": "https://registry.npmjs.org/@types/node/-/node-10.9.2.tgz",
      "integrity": "sha512-pwZnkVyCGJ3LsQ0/3flQK5lCFao4esIzwUVzzk5NvL9vnkEyDhNf4fhHzUMHvyr56gNZywWTS2MR0euabMSz4A=="
    },
    "@types/p-cancelable": {
      "version": "0.3.0",
      "resolved": "https://registry.npmjs.org/@types/p-cancelable/-/p-cancelable-0.3.0.tgz",
      "integrity": "sha512-sP+9Ivnpil7cdmvr5O+145aXm65YX8Y+Lrul1ojdYz6yaE05Dqonn6Z9v5eqJCQ0UeSGcTRtepMlZDh9ywdKgw=="
    },
    "@types/p-queue": {
      "version": "2.3.1",
      "resolved": "https://registry.npmjs.org/@types/p-queue/-/p-queue-2.3.1.tgz",
      "integrity": "sha512-JyO7uMAtkcMMULmsTQ4t/lCC8nxirTtweGG1xAFNNIAoC1RemmeIxq8PiKghuEy99XdbS6Lwx4zpbXUjfeSSAA=="
    },
    "@types/p-retry": {
      "version": "1.0.1",
      "resolved": "https://registry.npmjs.org/@types/p-retry/-/p-retry-1.0.1.tgz",
      "integrity": "sha512-HgQPG9kkUb4EpTeUv2taH2nBZsVUb5aOTSw3X2YozcTG1ttmGcLaLKx1MbAz1evVfUEDTCAPmdz2HiFztIyWrw==",
      "requires": {
        "@types/retry": "*"
      }
    },
    "@types/retry": {
      "version": "0.10.2",
      "resolved": "https://registry.npmjs.org/@types/retry/-/retry-0.10.2.tgz",
      "integrity": "sha512-LqJkY4VQ7S09XhI7kA3ON71AxauROhSv74639VsNXC9ish4IWHnIi98if+nP1MxQV3RMPqXSCYgpPsDHjlg9UQ=="
    },
    "@types/ws": {
      "version": "5.1.2",
      "resolved": "https://registry.npmjs.org/@types/ws/-/ws-5.1.2.tgz",
      "integrity": "sha512-NkTXUKTYdXdnPE2aUUbGOXE1XfMK527SCvU/9bj86kyFF6kZ9ZnOQ3mK5jADn98Y2vEUD/7wKDgZa7Qst2wYOg==",
      "requires": {
        "@types/events": "*",
        "@types/node": "*"
      }
    },
    "async-limiter": {
      "version": "1.0.0",
      "resolved": "https://registry.npmjs.org/async-limiter/-/async-limiter-1.0.0.tgz",
      "integrity": "sha512-jp/uFnooOiO+L211eZOoSyzpOITMXx1rBITauYykG3BRYPu8h0UcxsPNB04RR5vo4Tyz3+ay17tR6JVf9qzYWg=="
    },
    "asynckit": {
      "version": "0.4.0",
      "resolved": "https://registry.npmjs.org/asynckit/-/asynckit-0.4.0.tgz",
      "integrity": "sha1-x57Zf380y48robyXkLzDZkdLS3k="
    },
    "axios": {
      "version": "0.18.0",
      "resolved": "https://registry.npmjs.org/axios/-/axios-0.18.0.tgz",
      "integrity": "sha1-MtU+SFHv3AoRmTts0AB4nXDAUQI=",
      "requires": {
        "follow-redirects": "^1.3.0",
        "is-buffer": "^1.1.5"
      }
    },
    "cacheable-request": {
      "version": "4.0.1",
      "resolved": "https://registry.npmjs.org/cacheable-request/-/cacheable-request-4.0.1.tgz",
      "integrity": "sha512-sJJ9ivV+1DytIdAgQG1CsRjAESGD5WnjTr4BsQ3X4xZKp3O9i6Es7MWeQ1pOTuE0bTLVEf86YFjSGpr53wz7nw==",
      "requires": {
        "clone-response": "^1.0.2",
        "get-stream": "^3.0.0",
        "http-cache-semantics": "^4.0.0",
        "keyv": "^3.0.0",
        "lowercase-keys": "^1.0.1",
        "normalize-url": "^3.1.0",
        "responselike": "^1.0.2"
      },
      "dependencies": {
        "get-stream": {
          "version": "3.0.0",
          "resolved": "https://registry.npmjs.org/get-stream/-/get-stream-3.0.0.tgz",
          "integrity": "sha1-jpQ9E1jcN1VQVOy+LtsFqhdO3hQ="
        }
      }
    },
    "clone-response": {
      "version": "1.0.2",
      "resolved": "https://registry.npmjs.org/clone-response/-/clone-response-1.0.2.tgz",
      "integrity": "sha1-0dyXOSAxTfZ/vrlCI7TuNQI56Ws=",
      "requires": {
        "mimic-response": "^1.0.0"
      }
    },
    "combined-stream": {
      "version": "1.0.6",
      "resolved": "https://registry.npmjs.org/combined-stream/-/combined-stream-1.0.6.tgz",
      "integrity": "sha1-cj599ugBrFYTETp+RFqbactjKBg=",
      "requires": {
        "delayed-stream": "~1.0.0"
      }
    },
    "debug": {
      "version": "3.1.0",
      "resolved": "https://registry.npmjs.org/debug/-/debug-3.1.0.tgz",
      "integrity": "sha512-OX8XqP7/1a9cqkxYw2yXss15f26NKWBpDXQd0/uK/KPqdQhxbPa994hnzjcE2VqQpDslf55723cKPUOGSmMY3g==",
      "requires": {
        "ms": "2.0.0"
      }
    },
    "decompress-response": {
      "version": "3.3.0",
      "resolved": "https://registry.npmjs.org/decompress-response/-/decompress-response-3.3.0.tgz",
      "integrity": "sha1-gKTdMjdIOEv6JICDYirt7Jgq3/M=",
      "requires": {
        "mimic-response": "^1.0.0"
      }
    },
    "define-properties": {
      "version": "1.1.3",
      "resolved": "https://registry.npmjs.org/define-properties/-/define-properties-1.1.3.tgz",
      "integrity": "sha512-3MqfYKj2lLzdMSf8ZIZE/V+Zuy+BgD6f164e8K2w7dgnpKArBDerGYpM46IYYcjnkdPNMjPk9A6VFB8+3SKlXQ==",
      "requires": {
        "object-keys": "^1.0.12"
      }
    },
    "delayed-stream": {
      "version": "1.0.0",
      "resolved": "https://registry.npmjs.org/delayed-stream/-/delayed-stream-1.0.0.tgz",
      "integrity": "sha1-3zrhmayt+31ECqrgsp4icrJOxhk="
    },
    "dotenv": {
      "version": "6.0.0",
      "resolved": "https://registry.npmjs.org/dotenv/-/dotenv-6.0.0.tgz",
      "integrity": "sha512-FlWbnhgjtwD+uNLUGHbMykMOYQaTivdHEmYwAKFjn6GKe/CqY0fNae93ZHTd20snh9ZLr8mTzIL9m0APQ1pjQg=="
    },
    "duplexer3": {
      "version": "0.1.4",
      "resolved": "https://registry.npmjs.org/duplexer3/-/duplexer3-0.1.4.tgz",
      "integrity": "sha1-7gHdHKwO08vH/b6jfcCo8c4ALOI="
    },
    "end-of-stream": {
      "version": "1.4.1",
      "resolved": "https://registry.npmjs.org/end-of-stream/-/end-of-stream-1.4.1.tgz",
      "integrity": "sha512-1MkrZNvWTKCaigbn+W15elq2BB/L22nqrSY5DKlo3X6+vclJm8Bb5djXJBmEX6fS3+zCh/F4VBK5Z2KxJt4s2Q==",
      "requires": {
        "once": "^1.4.0"
      }
    },
    "es-abstract": {
      "version": "1.12.0",
      "resolved": "https://registry.npmjs.org/es-abstract/-/es-abstract-1.12.0.tgz",
      "integrity": "sha512-C8Fx/0jFmV5IPoMOFPA9P9G5NtqW+4cOPit3MIuvR2t7Ag2K15EJTpxnHAYTzL+aYQJIESYeXZmDBfOBE1HcpA==",
      "requires": {
        "es-to-primitive": "^1.1.1",
        "function-bind": "^1.1.1",
        "has": "^1.0.1",
        "is-callable": "^1.1.3",
        "is-regex": "^1.0.4"
      }
    },
    "es-to-primitive": {
      "version": "1.1.1",
      "resolved": "https://registry.npmjs.org/es-to-primitive/-/es-to-primitive-1.1.1.tgz",
      "integrity": "sha1-RTVSSKiJeQNLZ5Lhm7gfK3l13Q0=",
      "requires": {
        "is-callable": "^1.1.1",
        "is-date-object": "^1.0.1",
        "is-symbol": "^1.0.1"
      }
    },
    "eventemitter3": {
      "version": "3.1.0",
      "resolved": "https://registry.npmjs.org/eventemitter3/-/eventemitter3-3.1.0.tgz",
      "integrity": "sha512-ivIvhpq/Y0uSjcHDcOIccjmYjGLcP09MFGE7ysAwkAvkXfpZlC985pH2/ui64DKazbTW/4kN3yqozUxlXzI6cA=="
    },
    "finity": {
      "version": "0.5.4",
      "resolved": "https://registry.npmjs.org/finity/-/finity-0.5.4.tgz",
      "integrity": "sha512-3l+5/1tuw616Lgb0QBimxfdd2TqaDGpfCBpfX6EqtFmqUV3FtQnVEX4Aa62DagYEqnsTIjZcTfbq9msDbXYgyA=="
    },
    "follow-redirects": {
      "version": "1.5.7",
      "resolved": "https://registry.npmjs.org/follow-redirects/-/follow-redirects-1.5.7.tgz",
      "integrity": "sha512-NONJVIFiX7Z8k2WxfqBjtwqMifx7X42ORLFrOZ2LTKGj71G3C0kfdyTqGqr8fx5zSX6Foo/D95dgGWbPUiwnew==",
      "requires": {
        "debug": "^3.1.0"
      }
    },
    "form-data": {
      "version": "2.3.2",
      "resolved": "https://registry.npmjs.org/form-data/-/form-data-2.3.2.tgz",
      "integrity": "sha1-SXBJi+YEwgwAXU9cI67NIda0kJk=",
      "requires": {
        "asynckit": "^0.4.0",
        "combined-stream": "1.0.6",
        "mime-types": "^2.1.12"
      }
    },
    "function-bind": {
      "version": "1.1.1",
      "resolved": "https://registry.npmjs.org/function-bind/-/function-bind-1.1.1.tgz",
      "integrity": "sha512-yIovAzMX49sF8Yl58fSCWJ5svSLuaibPxXQJFLmBObTuCr0Mf1KiPopGM9NiFjiYBCbfaa2Fh6breQ6ANVTI0A=="
    },
    "get-stream": {
      "version": "4.0.0",
      "resolved": "https://registry.npmjs.org/get-stream/-/get-stream-4.0.0.tgz",
      "integrity": "sha512-FneLKMENeOR7wOK0/ZXCh+lwqtnPwkeunJjRN28LPqzGvNAhYvrTAhXv6xDm4vsJ0M7lcRbIYHQudKsSy2RtSQ==",
      "requires": {
        "pump": "^3.0.0"
      }
    },
    "got": {
      "version": "9.1.0",
      "resolved": "https://registry.npmjs.org/got/-/got-9.1.0.tgz",
      "integrity": "sha512-jAFv4Y23cGnIjQypO5NYuxw+UZDy6MdSX0mp8dMFb7niTQ+4xKhXIpE4tD/blMC/wxhDV1M13SdAPyheKwAeWQ==",
      "requires": {
        "@sindresorhus/is": "^0.11.0",
        "cacheable-request": "^4.0.1",
        "decompress-response": "^3.3.0",
        "duplexer3": "^0.1.4",
        "get-stream": "^4.0.0",
        "mimic-response": "^1.0.1",
        "p-cancelable": "^0.5.0",
        "to-readable-stream": "^1.0.0",
        "url-parse-lax": "^3.0.0"
      },
      "dependencies": {
        "p-cancelable": {
          "version": "0.5.0",
          "resolved": "https://registry.npmjs.org/p-cancelable/-/p-cancelable-0.5.0.tgz",
          "integrity": "sha512-UTykUaG4vhPAMNi1/GZKGdCNDj4qGnq6taAjnOG0KCx5Fva3b1vtskXtagAePmgIhUrdcoDGEvAQIHaSPXEZWg=="
        }
      }
    },
    "has": {
      "version": "1.0.3",
      "resolved": "https://registry.npmjs.org/has/-/has-1.0.3.tgz",
      "integrity": "sha512-f2dvO0VU6Oej7RkWJGrehjbzMAjFp5/VKPp5tTpWIV4JHHZK1/BxbFRtf/siA2SWTe09caDmVtYYzWEIbBS4zw==",
      "requires": {
        "function-bind": "^1.1.1"
      }
    },
    "http-cache-semantics": {
      "version": "4.0.0",
      "resolved": "https://registry.npmjs.org/http-cache-semantics/-/http-cache-semantics-4.0.0.tgz",
      "integrity": "sha512-NtexGRtaV5z3ZUX78W9UDTOJPBdpqms6RmwQXmOhHws7CuQK3cqIoQtnmeqi1VvVD6u6eMMRL0sKE9BCZXTDWQ=="
    },
    "is-buffer": {
      "version": "1.1.6",
      "resolved": "https://registry.npmjs.org/is-buffer/-/is-buffer-1.1.6.tgz",
      "integrity": "sha512-NcdALwpXkTm5Zvvbk7owOUSvVvBKDgKP5/ewfXEznmQFfs4ZRmanOeKBTjRVjka3QFoN6XJ+9F3USqfHqTaU5w=="
    },
    "is-callable": {
      "version": "1.1.4",
      "resolved": "https://registry.npmjs.org/is-callable/-/is-callable-1.1.4.tgz",
      "integrity": "sha512-r5p9sxJjYnArLjObpjA4xu5EKI3CuKHkJXMhT7kwbpUyIFD1n5PMAsoPvWnvtZiNz7LjkYDRZhd7FlI0eMijEA=="
    },
    "is-date-object": {
      "version": "1.0.1",
      "resolved": "https://registry.npmjs.org/is-date-object/-/is-date-object-1.0.1.tgz",
      "integrity": "sha1-mqIOtq7rv/d/vTPnTKAbM1gdOhY="
    },
    "is-regex": {
      "version": "1.0.4",
      "resolved": "https://registry.npmjs.org/is-regex/-/is-regex-1.0.4.tgz",
      "integrity": "sha1-VRdIm1RwkbCTDglWVM7SXul+lJE=",
      "requires": {
        "has": "^1.0.1"
      }
    },
    "is-stream": {
      "version": "1.1.0",
      "resolved": "https://registry.npmjs.org/is-stream/-/is-stream-1.1.0.tgz",
      "integrity": "sha1-EtSj3U5o4Lec6428hBc66A2RykQ="
    },
    "is-symbol": {
      "version": "1.0.1",
      "resolved": "https://registry.npmjs.org/is-symbol/-/is-symbol-1.0.1.tgz",
      "integrity": "sha1-PMWfAAJRlLarLjjbrmaJJWtmBXI="
    },
    "json-buffer": {
      "version": "3.0.0",
      "resolved": "https://registry.npmjs.org/json-buffer/-/json-buffer-3.0.0.tgz",
      "integrity": "sha1-Wx85evx11ne96Lz8Dkfh+aPZqJg="
    },
    "keyv": {
      "version": "3.1.0",
      "resolved": "https://registry.npmjs.org/keyv/-/keyv-3.1.0.tgz",
      "integrity": "sha512-9ykJ/46SN/9KPM/sichzQ7OvXyGDYKGTaDlKMGCAlg2UK8KRy4jb0d8sFc+0Tt0YYnThq8X2RZgCg74RPxgcVA==",
      "requires": {
        "json-buffer": "3.0.0"
      }
    },
    "loglevel": {
      "version": "1.6.1",
      "resolved": "https://registry.npmjs.org/loglevel/-/loglevel-1.6.1.tgz",
      "integrity": "sha1-4PyVEztu8nbNyIh82vJKpvFW+Po="
    },
    "lowercase-keys": {
      "version": "1.0.1",
      "resolved": "https://registry.npmjs.org/lowercase-keys/-/lowercase-keys-1.0.1.tgz",
      "integrity": "sha512-G2Lj61tXDnVFFOi8VZds+SoQjtQC3dgokKdDG2mTm1tx4m50NUHBOZSBwQQHyy0V12A0JTG4icfZQH+xPyh8VA=="
    },
    "mime-db": {
      "version": "1.35.0",
      "resolved": "https://registry.npmjs.org/mime-db/-/mime-db-1.35.0.tgz",
      "integrity": "sha512-JWT/IcCTsB0Io3AhWUMjRqucrHSPsSf2xKLaRldJVULioggvkJvggZ3VXNNSRkCddE6D+BUI4HEIZIA2OjwIvg=="
    },
    "mime-types": {
      "version": "2.1.19",
      "resolved": "https://registry.npmjs.org/mime-types/-/mime-types-2.1.19.tgz",
      "integrity": "sha512-P1tKYHVSZ6uFo26mtnve4HQFE3koh1UWVkp8YUC+ESBHe945xWSoXuHHiGarDqcEZ+whpCDnlNw5LON0kLo+sw==",
      "requires": {
        "mime-db": "~1.35.0"
      }
    },
    "mimic-response": {
      "version": "1.0.1",
      "resolved": "https://registry.npmjs.org/mimic-response/-/mimic-response-1.0.1.tgz",
      "integrity": "sha512-j5EctnkH7amfV/q5Hgmoal1g2QHFJRraOtmx0JpIqkxhBhI/lJSl1nMpQ45hVarwNETOoWEimndZ4QK0RHxuxQ=="
    },
    "ms": {
      "version": "2.0.0",
      "resolved": "https://registry.npmjs.org/ms/-/ms-2.0.0.tgz",
      "integrity": "sha1-VgiurfwAvmwpAd9fmGF4jeDVl8g="
    },
    "normalize-url": {
      "version": "3.2.0",
      "resolved": "https://registry.npmjs.org/normalize-url/-/normalize-url-3.2.0.tgz",
      "integrity": "sha512-WvF3Myk0NhXkG8S9bygFM4IC1KOvnVJGq0QoGeoqOYOBeinBZp5ybW3QuYbTc89lkWBMM9ZBO4QGRoc0353kKA=="
    },
    "object-keys": {
      "version": "1.0.12",
      "resolved": "https://registry.npmjs.org/object-keys/-/object-keys-1.0.12.tgz",
      "integrity": "sha512-FTMyFUm2wBcGHnH2eXmz7tC6IwlqQZ6mVZ+6dm6vZ4IQIHjs6FdNsQBuKGPuUUUY6NfJw2PshC08Tn6LzLDOag=="
    },
    "object.entries": {
      "version": "1.0.4",
      "resolved": "https://registry.npmjs.org/object.entries/-/object.entries-1.0.4.tgz",
      "integrity": "sha1-G/mk3SKI9bM/Opk9JXZh8F0WGl8=",
      "requires": {
        "define-properties": "^1.1.2",
        "es-abstract": "^1.6.1",
        "function-bind": "^1.1.0",
        "has": "^1.0.1"
      }
    },
    "object.getownpropertydescriptors": {
      "version": "2.0.3",
      "resolved": "https://registry.npmjs.org/object.getownpropertydescriptors/-/object.getownpropertydescriptors-2.0.3.tgz",
      "integrity": "sha1-h1jIRvW0B62rDyNuCYbxSwUcqhY=",
      "requires": {
        "define-properties": "^1.1.2",
        "es-abstract": "^1.5.1"
      }
    },
    "object.values": {
      "version": "1.0.4",
      "resolved": "https://registry.npmjs.org/object.values/-/object.values-1.0.4.tgz",
      "integrity": "sha1-5STaCbT2b/Bd9FdUbscqyZ8TBpo=",
      "requires": {
        "define-properties": "^1.1.2",
        "es-abstract": "^1.6.1",
        "function-bind": "^1.1.0",
        "has": "^1.0.1"
      }
    },
    "once": {
      "version": "1.4.0",
      "resolved": "https://registry.npmjs.org/once/-/once-1.4.0.tgz",
      "integrity": "sha1-WDsap3WWHUsROsF9nFC6753Xa9E=",
      "requires": {
        "wrappy": "1"
      }
    },
    "p-cancelable": {
      "version": "0.3.0",
      "resolved": "https://registry.npmjs.org/p-cancelable/-/p-cancelable-0.3.0.tgz",
      "integrity": "sha512-RVbZPLso8+jFeq1MfNvgXtCRED2raz/dKpacfTNxsx6pLEpEomM7gah6VeHSYV3+vo0OAi4MkArtQcWWXuQoyw=="
    },
    "p-queue": {
      "version": "2.4.2",
      "resolved": "https://registry.npmjs.org/p-queue/-/p-queue-2.4.2.tgz",
      "integrity": "sha512-n8/y+yDJwBjoLQe1GSJbbaYQLTI7QHNZI2+rpmCDbe++WLf9HC3gf6iqj5yfPAV71W4UF3ql5W1+UBPXoXTxng=="
    },
    "p-retry": {
      "version": "2.0.0",
      "resolved": "https://registry.npmjs.org/p-retry/-/p-retry-2.0.0.tgz",
      "integrity": "sha512-ZbCuzAmiwJ45q4evp/IG9D+5MUllGSUeCWwPt3j/tdYSi1KPkSD+46uqmAA1LhccDhOXv8kYZKNb8x78VflzfA==",
      "requires": {
        "retry": "^0.12.0"
      }
    },
    "prepend-http": {
      "version": "2.0.0",
      "resolved": "https://registry.npmjs.org/prepend-http/-/prepend-http-2.0.0.tgz",
      "integrity": "sha1-6SQ0v6XqjBn0HN/UAddBo8gZ2Jc="
    },
    "pump": {
      "version": "3.0.0",
      "resolved": "https://registry.npmjs.org/pump/-/pump-3.0.0.tgz",
      "integrity": "sha512-LwZy+p3SFs1Pytd/jYct4wpv49HiYCqd9Rlc5ZVdk0V+8Yzv6jR5Blk3TRmPL1ft69TxP0IMZGJ+WPFU2BFhww==",
      "requires": {
        "end-of-stream": "^1.1.0",
        "once": "^1.3.1"
      }
    },
    "responselike": {
      "version": "1.0.2",
      "resolved": "https://registry.npmjs.org/responselike/-/responselike-1.0.2.tgz",
      "integrity": "sha1-kYcg7ztjHFZCvgaPFa3lpG9Loec=",
      "requires": {
        "lowercase-keys": "^1.0.0"
      }
    },
    "retry": {
      "version": "0.12.0",
      "resolved": "https://registry.npmjs.org/retry/-/retry-0.12.0.tgz",
      "integrity": "sha1-G0KmJmoh8HQh0bC1S33BZ7AcATs="
    },
    "spacetime": {
      "version": "4.3.0",
      "resolved": "https://registry.npmjs.org/spacetime/-/spacetime-4.3.0.tgz",
      "integrity": "sha512-g4bT+2YfICOyGNVIDXTVD5r3eItu/nGDXg8XjDB21M28xkLdth/vFVp30MG1vZAPl2psCIDEL+1IxyF7O3C1aQ=="
    },
    "symbol-observable": {
      "version": "1.2.0",
      "resolved": "https://registry.npmjs.org/symbol-observable/-/symbol-observable-1.2.0.tgz",
      "integrity": "sha512-e900nM8RRtGhlV36KGEU9k65K3mPb1WV70OdjfxlG2EAuM1noi/E/BaW/uMhL7bPEssK8QV57vN3esixjUvcXQ=="
    },
    "to-readable-stream": {
      "version": "1.0.0",
      "resolved": "https://registry.npmjs.org/to-readable-stream/-/to-readable-stream-1.0.0.tgz",
      "integrity": "sha512-Iq25XBt6zD5npPhlLVXGFN3/gyR2/qODcKNNyTMd4vbm39HUaOiAM4PMq0eMVC/Tkxz+Zjdsc55g9yyz+Yq00Q=="
    },
    "url-parse-lax": {
      "version": "3.0.0",
      "resolved": "https://registry.npmjs.org/url-parse-lax/-/url-parse-lax-3.0.0.tgz",
      "integrity": "sha1-FrXK/Afb42dsGxmZF3gj1lA6yww=",
      "requires": {
        "prepend-http": "^2.0.0"
      }
    },
    "wrappy": {
      "version": "1.0.2",
      "resolved": "https://registry.npmjs.org/wrappy/-/wrappy-1.0.2.tgz",
      "integrity": "sha1-tSQ9jz7BqjXxNkYFvA0QNuMKtp8="
    },
    "ws": {
      "version": "5.2.2",
      "resolved": "https://registry.npmjs.org/ws/-/ws-5.2.2.tgz",
      "integrity": "sha512-jaHFD6PFv6UgoIVda6qZllptQsMlDEJkTQcybzzXDYM1XO9Y8em691FGMPmM46WGyLU4z9KMgQN+qrux/nhlHA==",
      "requires": {
        "async-limiter": "~1.0.0"
      }
    }
  }
}
